
Microsoft Visual Studio Solution File, Format Version 12.00
# Visual Studio Version 16
VisualStudioVersion = 16.0.30011.22
MinimumVisualStudioVersion = 10.0.40219.1
Project("{FAE04EC0-301F-11D3-BF4B-00C04F79EFBC}") = "26-Runtime Kontroller", "26-Runtime Kontroller\26-Runtime Kontroller.csproj", "{9E734200-9700-414D-9784-7B547521A9AF}"
EndProject
Global
	GlobalSection(SolutionConfigurationPlatforms) = preSolution
		Debug|Any CPU = Debug|Any CPU
		Release|Any CPU = Release|Any CPU
	EndGlobalSection
	GlobalSection(ProjectConfigurationPlatforms) = postSolution
		{9E734200-9700-414D-9784-7B547521A9AF}.Debug|Any CPU.ActiveCfg = Debug|Any CPU
		{9E734200-9700-414D-9784-7B547521A9AF}.Debug|Any CPU.Build.0 = Debug|Any CPU
		{9E734200-9700-414D-9784-7B547521A9AF}.Release|Any CPU.ActiveCfg = Release|Any CPU
		{9E734200-9700-414D-9784-7B547521A9AF}.Release|Any CPU.Build.0 = Release|Any CPU
	EndGlobalSection
	GlobalSection(SolutionProperties) = preSolution
		HideSolutionNode = FALSE
	EndGlobalSection
	GlobalSection(ExtensibilityGlobals) = postSolution
		SolutionGuid = {67A9D952-BCB7-409A-8BDC-32A539C448D1}
	EndGlobalSection
EndGlobal
